
Microsoft Visual Studio Solution File, Format Version 12.00
# Visual Studio Version 16
VisualStudioVersion = 16.0.31424.327
MinimumVisualStudioVersion = 10.0.40219.1
Project("{FAE04EC0-301F-11D3-BF4B-00C04F79EFBC}") = "Ejercicio_4", "Ejercicio_4.csproj", "{32620D81-0482-4B25-8C15-467044F5F788}"
EndProject
Global
	GlobalSection(SolutionConfigurationPlatforms) = preSolution
		Debug|Any CPU = Debug|Any CPU
		Release|Any CPU = Release|Any CPU
	EndGlobalSection
	GlobalSection(ProjectConfigurationPlatforms) = postSolution
		{32620D81-0482-4B25-8C15-467044F5F788}.Debug|Any CPU.ActiveCfg = Debug|Any CPU
		{32620D81-0482-4B25-8C15-467044F5F788}.Debug|Any CPU.Build.0 = Debug|Any CPU
		{32620D81-0482-4B25-8C15-467044F5F788}.Release|Any CPU.ActiveCfg = Release|Any CPU
		{32620D81-0482-4B25-8C15-467044F5F788}.Release|Any CPU.Build.0 = Release|Any CPU
	EndGlobalSection
	GlobalSection(SolutionProperties) = preSolution
		HideSolutionNode = FALSE
	EndGlobalSection
	GlobalSection(ExtensibilityGlobals) = postSolution
		SolutionGuid = {D1FA3F68-1126-4995-8C1C-66ADE2101EEF}
	EndGlobalSection
EndGlobal
