
Microsoft Visual Studio Solution File, Format Version 12.00
# Visual Studio Version 16
VisualStudioVersion = 16.0.31424.327
MinimumVisualStudioVersion = 10.0.40219.1
Project("{FAE04EC0-301F-11D3-BF4B-00C04F79EFBC}") = "Ejercicio_3", "Ejercicio_3.csproj", "{91CD82ED-2E23-42BA-848B-453CF2CD40CD}"
EndProject
Global
	GlobalSection(SolutionConfigurationPlatforms) = preSolution
		Debug|Any CPU = Debug|Any CPU
		Release|Any CPU = Release|Any CPU
	EndGlobalSection
	GlobalSection(ProjectConfigurationPlatforms) = postSolution
		{91CD82ED-2E23-42BA-848B-453CF2CD40CD}.Debug|Any CPU.ActiveCfg = Debug|Any CPU
		{91CD82ED-2E23-42BA-848B-453CF2CD40CD}.Debug|Any CPU.Build.0 = Debug|Any CPU
		{91CD82ED-2E23-42BA-848B-453CF2CD40CD}.Release|Any CPU.ActiveCfg = Release|Any CPU
		{91CD82ED-2E23-42BA-848B-453CF2CD40CD}.Release|Any CPU.Build.0 = Release|Any CPU
	EndGlobalSection
	GlobalSection(SolutionProperties) = preSolution
		HideSolutionNode = FALSE
	EndGlobalSection
	GlobalSection(ExtensibilityGlobals) = postSolution
		SolutionGuid = {452877C0-AABC-4353-AADF-B7DE0A063AC5}
	EndGlobalSection
EndGlobal
